
Microsoft Visual Studio Solution File, Format Version 12.00
# Visual Studio Version 17
VisualStudioVersion = 17.7.34031.279
MinimumVisualStudioVersion = 10.0.40219.1
Project("{FAE04EC0-301F-11D3-BF4B-00C04F79EFBC}") = "ArcGIS_SymbolWithText", "Wpf_ArcGIS_SymbolWithText\ArcGIS_SymbolWithText.csproj", "{9C94DA27-D9CE-401A-8E8A-8068CFD36BEF}"
EndProject
Project("{FAE04EC0-301F-11D3-BF4B-00C04F79EFBC}") = "ArcGIS_Arc", "ArcGIS_Arc\ArcGIS_Arc.csproj", "{B55E63C7-D96B-46E2-829B-03E9C55C6562}"
EndProject
Global
	GlobalSection(SolutionConfigurationPlatforms) = preSolution
		Debug|Any CPU = Debug|Any CPU
		Debug|x64 = Debug|x64
		Release|Any CPU = Release|Any CPU
		Release|x64 = Release|x64
	EndGlobalSection
	GlobalSection(ProjectConfigurationPlatforms) = postSolution
		{9C94DA27-D9CE-401A-8E8A-8068CFD36BEF}.Debug|Any CPU.ActiveCfg = Debug|Any CPU
		{9C94DA27-D9CE-401A-8E8A-8068CFD36BEF}.Debug|Any CPU.Build.0 = Debug|Any CPU
		{9C94DA27-D9CE-401A-8E8A-8068CFD36BEF}.Debug|x64.ActiveCfg = Debug|x64
		{9C94DA27-D9CE-401A-8E8A-8068CFD36BEF}.Debug|x64.Build.0 = Debug|x64
		{9C94DA27-D9CE-401A-8E8A-8068CFD36BEF}.Release|Any CPU.ActiveCfg = Release|Any CPU
		{9C94DA27-D9CE-401A-8E8A-8068CFD36BEF}.Release|Any CPU.Build.0 = Release|Any CPU
		{9C94DA27-D9CE-401A-8E8A-8068CFD36BEF}.Release|x64.ActiveCfg = Release|x64
		{9C94DA27-D9CE-401A-8E8A-8068CFD36BEF}.Release|x64.Build.0 = Release|x64
		{B55E63C7-D96B-46E2-829B-03E9C55C6562}.Debug|Any CPU.ActiveCfg = Debug|Any CPU
		{B55E63C7-D96B-46E2-829B-03E9C55C6562}.Debug|Any CPU.Build.0 = Debug|Any CPU
		{B55E63C7-D96B-46E2-829B-03E9C55C6562}.Debug|x64.ActiveCfg = Debug|x64
		{B55E63C7-D96B-46E2-829B-03E9C55C6562}.Debug|x64.Build.0 = Debug|x64
		{B55E63C7-D96B-46E2-829B-03E9C55C6562}.Release|Any CPU.ActiveCfg = Release|Any CPU
		{B55E63C7-D96B-46E2-829B-03E9C55C6562}.Release|Any CPU.Build.0 = Release|Any CPU
		{B55E63C7-D96B-46E2-829B-03E9C55C6562}.Release|x64.ActiveCfg = Release|x64
		{B55E63C7-D96B-46E2-829B-03E9C55C6562}.Release|x64.Build.0 = Release|x64
	EndGlobalSection
	GlobalSection(SolutionProperties) = preSolution
		HideSolutionNode = FALSE
	EndGlobalSection
	GlobalSection(ExtensibilityGlobals) = postSolution
		SolutionGuid = {064A794C-5722-4B48-AC70-535436AA2A51}
	EndGlobalSection
EndGlobal
